Microsoft Visual Studio Solution File, Format Version 11.00
# Visual Studio 2008

Project("{6CFA8E1D-293F-DDB1-C0EA-39F5B2B0381A}") = "CastleGame", "Assembly-CSharp-firstpass.csproj", "{C59E18D2-028F-F882-C3C4-6FCEBCAF09C9}"
EndProject
Project("{6CFA8E1D-293F-DDB1-C0EA-39F5B2B0381A}") = "CastleGame", "Assembly-CSharp.csproj", "{1168B52F-AC50-7B4D-2021-EE37DD6BED01}"
EndProject
Project("{6CFA8E1D-293F-DDB1-C0EA-39F5B2B0381A}") = "CastleGame", "Assembly-CSharp-Editor.csproj", "{996D450A-1962-F3C4-44D9-88C923308DCB}"
EndProject
Global
	GlobalSection(SolutionConfigurationPlatforms) = preSolution
		Debug|Any CPU = Debug|Any CPU
		Release|Any CPU = Release|Any CPU
	EndGlobalSection
	GlobalSection(ProjectConfigurationPlatforms) = postSolution
		{C59E18D2-028F-F882-C3C4-6FCEBCAF09C9}.Debug|Any CPU.ActiveCfg = Debug|Any CPU
		{C59E18D2-028F-F882-C3C4-6FCEBCAF09C9}.Debug|Any CPU.Build.0 = Debug|Any CPU
		{C59E18D2-028F-F882-C3C4-6FCEBCAF09C9}.Release|Any CPU.ActiveCfg = Release|Any CPU
		{C59E18D2-028F-F882-C3C4-6FCEBCAF09C9}.Release|Any CPU.Build.0 = Release|Any CPU
		{1168B52F-AC50-7B4D-2021-EE37DD6BED01}.Debug|Any CPU.ActiveCfg = Debug|Any CPU
		{1168B52F-AC50-7B4D-2021-EE37DD6BED01}.Debug|Any CPU.Build.0 = Debug|Any CPU
		{1168B52F-AC50-7B4D-2021-EE37DD6BED01}.Release|Any CPU.ActiveCfg = Release|Any CPU
		{1168B52F-AC50-7B4D-2021-EE37DD6BED01}.Release|Any CPU.Build.0 = Release|Any CPU
		{996D450A-1962-F3C4-44D9-88C923308DCB}.Debug|Any CPU.ActiveCfg = Debug|Any CPU
		{996D450A-1962-F3C4-44D9-88C923308DCB}.Debug|Any CPU.Build.0 = Debug|Any CPU
		{996D450A-1962-F3C4-44D9-88C923308DCB}.Release|Any CPU.ActiveCfg = Release|Any CPU
		{996D450A-1962-F3C4-44D9-88C923308DCB}.Release|Any CPU.Build.0 = Release|Any CPU
	EndGlobalSection
	GlobalSection(SolutionProperties) = preSolution
		HideSolutionNode = FALSE
	EndGlobalSection
	GlobalSection(MonoDevelopProperties) = preSolution
		StartupItem = Assembly-CSharp.csproj
	EndGlobalSection
EndGlobal
